
Microsoft Visual Studio Solution File, Format Version 12.00
# Visual Studio Version 16
VisualStudioVersion = 16.0.29728.190
MinimumVisualStudioVersion = 10.0.40219.1
Project("{9A19103F-16F7-4668-BE54-9A1E7A4F7556}") = "SF", "SF\SF.csproj", "{152C798D-EB8A-48C3-ADF2-BF7F618921CE}"
EndProject
Project("{FAE04EC0-301F-11D3-BF4B-00C04F79EFBC}") = "SFXUnitTest", "SFXUnitTest\SFXUnitTest.csproj", "{F89888B3-5A07-461A-835A-C047255779FC}"
EndProject
Project("{2150E333-8FDC-42A3-9474-1A3956D46DE8}") = "Solution Items", "Solution Items", "{3DF89D6C-A363-4E3C-8E87-2FF6C94CEE27}"
	ProjectSection(SolutionItems) = preProject
		ReadMe.txt = ReadMe.txt
	EndProjectSection
EndProject
Global
	GlobalSection(SolutionConfigurationPlatforms) = preSolution
		Debug|Any CPU = Debug|Any CPU
		Release|Any CPU = Release|Any CPU
	EndGlobalSection
	GlobalSection(ProjectConfigurationPlatforms) = postSolution
		{152C798D-EB8A-48C3-ADF2-BF7F618921CE}.Debug|Any CPU.ActiveCfg = Debug|Any CPU
		{152C798D-EB8A-48C3-ADF2-BF7F618921CE}.Debug|Any CPU.Build.0 = Debug|Any CPU
		{152C798D-EB8A-48C3-ADF2-BF7F618921CE}.Release|Any CPU.ActiveCfg = Release|Any CPU
		{152C798D-EB8A-48C3-ADF2-BF7F618921CE}.Release|Any CPU.Build.0 = Release|Any CPU
		{F89888B3-5A07-461A-835A-C047255779FC}.Debug|Any CPU.ActiveCfg = Debug|Any CPU
		{F89888B3-5A07-461A-835A-C047255779FC}.Debug|Any CPU.Build.0 = Debug|Any CPU
		{F89888B3-5A07-461A-835A-C047255779FC}.Release|Any CPU.ActiveCfg = Release|Any CPU
		{F89888B3-5A07-461A-835A-C047255779FC}.Release|Any CPU.Build.0 = Release|Any CPU
	EndGlobalSection
	GlobalSection(SolutionProperties) = preSolution
		HideSolutionNode = FALSE
	EndGlobalSection
	GlobalSection(ExtensibilityGlobals) = postSolution
		SolutionGuid = {7B51A394-4985-4078-B554-58418D477C9D}
	EndGlobalSection
EndGlobal
